// !$*UTF8*$!
{
	archiveVersion = 1;
	classes = {
	};
	objectVersion = 46;
	objects = {

/* Begin PBXBuildFile section */
		4E12126B1A7049720090D217 /* UserSearchViewController.swift in Sources */ = {isa = PBXBuildFile; fileRef = 4E12126A1A7049720090D217 /* UserSearchViewController.swift */; };
		4E12126D1A704E250090D217 /* User.swift in Sources */ = {isa = PBXBuildFile; fileRef = 4E12126C1A704E250090D217 /* User.swift */; };
		4E12126F1A7059820090D217 /* UserCell.swift in Sources */ = {isa = PBXBuildFile; fileRef = 4E12126E1A7059820090D217 /* UserCell.swift */; };
		4E2A34581A71AEA100B14E0D /* UserDetailViewController.swift in Sources */ = {isa = PBXBuildFile; fileRef = 4E2A34571A71AEA100B14E0D /* UserDetailViewController.swift */; };
		4E869C2A1A6DA55A00B06C76 /* AppDelegate.swift in Sources */ = {isa = PBXBuildFile; fileRef = 4E869C291A6DA55A00B06C76 /* AppDelegate.swift */; };
		4E869C2F1A6DA55A00B06C76 /* Main.storyboard in Resources */ = {isa = PBXBuildFile; fileRef = 4E869C2D1A6DA55A00B06C76 /* Main.storyboard */; };
		4E869C311A6DA55A00B06C76 /* Images.xcassets in Resources */ = {isa = PBXBuildFile; fileRef = 4E869C301A6DA55A00B06C76 /* Images.xcassets */; };
		4E869C341A6DA55A00B06C76 /* LaunchScreen.xib in Resources */ = {isa = PBXBuildFile; fileRef = 4E869C321A6DA55A00B06C76 /* LaunchScreen.xib */; };
		4E869C401A6DA55B00B06C76 /* GitHubClientTests.swift in Sources */ = {isa = PBXBuildFile; fileRef = 4E869C3F1A6DA55B00B06C76 /* GitHubClientTests.swift */; };
		4E869C4D1A6DA5AC00B06C76 /* MenuTableViewController.swift in Sources */ = {isa = PBXBuildFile; fileRef = 4E869C4C1A6DA5AC00B06C76 /* MenuTableViewController.swift */; };
		4E869C4F1A6DA83000B06C76 /* NetworkController.swift in Sources */ = {isa = PBXBuildFile; fileRef = 4E869C4E1A6DA83000B06C76 /* NetworkController.swift */; };
		4E869C511A6DB26C00B06C76 /* RepositoryTableViewController.swift in Sources */ = {isa = PBXBuildFile; fileRef = 4E869C501A6DB26C00B06C76 /* RepositoryTableViewController.swift */; };
		4E869C531A6DB76E00B06C76 /* Repository.swift in Sources */ = {isa = PBXBuildFile; fileRef = 4E869C521A6DB76E00B06C76 /* Repository.swift */; };
		4E869C551A6F1CAF00B06C76 /* RepoCell.swift in Sources */ = {isa = PBXBuildFile; fileRef = 4E869C541A6F1CAE00B06C76 /* RepoCell.swift */; };
		4EA333F31A71B2CA00D57F86 /* ToUserDetailViewController.swift in Sources */ = {isa = PBXBuildFile; fileRef = 4EA333F21A71B2CA00D57F86 /* ToUserDetailViewController.swift */; };
		4EA333F51A71C8F800D57F86 /* StringExtension.swift in Sources */ = {isa = PBXBuildFile; fileRef = 4EA333F41A71C8F800D57F86 /* StringExtension.swift */; };
		4EA333F71A721FCF00D57F86 /* RepoDetailViewController.swift in Sources */ = {isa = PBXBuildFile; fileRef = 4EA333F61A721FCF00D57F86 /* RepoDetailViewController.swift */; };
/* End PBXBuildFile section */

/* Begin PBXContainerItemProxy section */
		4E869C3A1A6DA55B00B06C76 /* PBXContainerItemProxy */ = {
			isa = PBXContainerItemProxy;
			containerPortal = 4E869C1C1A6DA55A00B06C76 /* Project object */;
			proxyType = 1;
			remoteGlobalIDString = 4E869C231A6DA55A00B06C76;
			remoteInfo = GitHubClient;
		};
/* End PBXContainerItemProxy section */

/* Begin PBXFileReference section */
		4E12126A1A7049720090D217 /* UserSearchViewController.swift */ = {isa = PBXFileReference; fileEncoding = 4; lastKnownFileType = sourcecode.swift; path = UserSearchViewController.swift; sourceTree = "<group>"; };
		4E12126C1A704E250090D217 /* User.swift */ = {isa = PBXFileReference; fileEncoding = 4; lastKnownFileType = sourcecode.swift; path = User.swift; sourceTree = "<group>"; };
		4E12126E1A7059820090D217 /* UserCell.swift */ = {isa = PBXFileReference; fileEncoding = 4; lastKnownFileType = sourcecode.swift; path = UserCell.swift; sourceTree = "<group>"; };
		4E2A34571A71AEA100B14E0D /* UserDetailViewController.swift */ = {isa = PBXFileReference; fileEncoding = 4; lastKnownFileType = sourcecode.swift; path = UserDetailViewController.swift; sourceTree = "<group>"; };
		4E869C241A6DA55A00B06C76 /* GitHubClient.app */ = {isa = PBXFileReference; explicitFileType = wrapper.application; includeInIndex = 0; path = GitHubClient.app; sourceTree = BUILT_PRODUCTS_DIR; };
		4E869C281A6DA55A00B06C76 /* Info.plist */ = {isa = PBXFileReference; lastKnownFileType = text.plist.xml; path = Info.plist; sourceTree = "<group>"; };
		4E869C291A6DA55A00B06C76 /* AppDelegate.swift */ = {isa = PBXFileReference; lastKnownFileType = sourcecode.swift; path = AppDelegate.swift; sourceTree = "<group>"; };
		4E869C2E1A6DA55A00B06C76 /* Base */ = {isa = PBXFileReference; lastKnownFileType = file.storyboard; name = Base; path = Base.lproj/Main.storyboard; sourceTree = "<group>"; };
		4E869C301A6DA55A00B06C76 /* Images.xcassets */ = {isa = PBXFileReference; lastKnownFileType = folder.assetcatalog; path = Images.xcassets; sourceTree = "<group>"; };
		4E869C331A6DA55A00B06C76 /* Base */ = {isa = PBXFileReference; lastKnownFileType = file.xib; name = Base; path = Base.lproj/LaunchScreen.xib; sourceTree = "<group>"; };
		4E869C391A6DA55B00B06C76 /* GitHubClientTests.xctest */ = {isa = PBXFileReference; explicitFileType = wrapper.cfbundle; includeInIndex = 0; path = GitHubClientTests.xctest; sourceTree = BUILT_PRODUCTS_DIR; };
		4E869C3E1A6DA55B00B06C76 /* Info.plist */ = {isa = PBXFileReference; lastKnownFileType = text.plist.xml; path = Info.plist; sourceTree = "<group>"; };
		4E869C3F1A6DA55B00B06C76 /* GitHubClientTests.swift */ = {isa = PBXFileReference; lastKnownFileType = sourcecode.swift; path = GitHubClientTests.swift; sourceTree = "<group>"; };
		4E869C4C1A6DA5AC00B06C76 /* MenuTableViewController.swift */ = {isa = PBXFileReference; fileEncoding = 4; lastKnownFileType = sourcecode.swift; path = MenuTableViewController.swift; sourceTree = "<group>"; };
		4E869C4E1A6DA83000B06C76 /* NetworkController.swift */ = {isa = PBXFileReference; fileEncoding = 4; lastKnownFileType = sourcecode.swift; path = NetworkController.swift; sourceTree = "<group>"; };
		4E869C501A6DB26C00B06C76 /* RepositoryTableViewController.swift */ = {isa = PBXFileReference; fileEncoding = 4; lastKnownFileType = sourcecode.swift; path = RepositoryTableViewController.swift; sourceTree = "<group>"; };
		4E869C521A6DB76E00B06C76 /* Repository.swift */ = {isa = PBXFileReference; fileEncoding = 4; lastKnownFileType = sourcecode.swift; path = Repository.swift; sourceTree = "<group>"; };
		4E869C541A6F1CAE00B06C76 /* RepoCell.swift */ = {isa = PBXFileReference; fileEncoding = 4; lastKnownFileType = sourcecode.swift; path = RepoCell.swift; sourceTree = "<group>"; };
		4EA333F21A71B2CA00D57F86 /* ToUserDetailViewController.swift */ = {isa = PBXFileReference; fileEncoding = 4; lastKnownFileType = sourcecode.swift; path = ToUserDetailViewController.swift; sourceTree = "<group>"; };
		4EA333F41A71C8F800D57F86 /* StringExtension.swift */ = {isa = PBXFileReference; fileEncoding = 4; lastKnownFileType = sourcecode.swift; path = StringExtension.swift; sourceTree = "<group>"; };
		4EA333F61A721FCF00D57F86 /* RepoDetailViewController.swift */ = {isa = PBXFileReference; fileEncoding = 4; lastKnownFileType = sourcecode.swift; path = RepoDetailViewController.swift; sourceTree = "<group>"; };
/* End PBXFileReference section */

/* Begin PBXFrameworksBuildPhase section */
		4E869C211A6DA55A00B06C76 /* Frameworks */ = {
			isa = PBXFrameworksBuildPhase;
			buildActionMask = 2147483647;
			files = (
			);
			runOnlyForDeploymentPostprocessing = 0;
		};
		4E869C361A6DA55B00B06C76 /* Frameworks */ = {
			isa = PBXFrameworksBuildPhase;
			buildActionMask = 2147483647;
			files = (
			);
			runOnlyForDeploymentPostprocessing = 0;
		};
/* End PBXFrameworksBuildPhase section */

/* Begin PBXGroup section */
		4E869C1B1A6DA55A00B06C76 = {
			isa = PBXGroup;
			children = (
				4E869C261A6DA55A00B06C76 /* GitHubClient */,
				4E869C3C1A6DA55B00B06C76 /* GitHubClientTests */,
				4E869C251A6DA55A00B06C76 /* Products */,
			);
			sourceTree = "<group>";
		};
		4E869C251A6DA55A00B06C76 /* Products */ = {
			isa = PBXGroup;
			children = (
				4E869C241A6DA55A00B06C76 /* GitHubClient.app */,
				4E869C391A6DA55B00B06C76 /* GitHubClientTests.xctest */,
			);
			name = Products;
			sourceTree = "<group>";
		};
		4E869C261A6DA55A00B06C76 /* GitHubClient */ = {
			isa = PBXGroup;
			children = (
				4E869C4B1A6DA57A00B06C76 /* Controller */,
				4E869C4A1A6DA57500B06C76 /* View */,
				4E869C491A6DA56C00B06C76 /* Model */,
				4E869C301A6DA55A00B06C76 /* Images.xcassets */,
				4E869C271A6DA55A00B06C76 /* Supporting Files */,
			);
			path = GitHubClient;
			sourceTree = "<group>";
		};
		4E869C271A6DA55A00B06C76 /* Supporting Files */ = {
			isa = PBXGroup;
			children = (
				4E869C281A6DA55A00B06C76 /* Info.plist */,
			);
			name = "Supporting Files";
			sourceTree = "<group>";
		};
		4E869C3C1A6DA55B00B06C76 /* GitHubClientTests */ = {
			isa = PBXGroup;
			children = (
				4E869C3F1A6DA55B00B06C76 /* GitHubClientTests.swift */,
				4E869C3D1A6DA55B00B06C76 /* Supporting Files */,
			);
			path = GitHubClientTests;
			sourceTree = "<group>";
		};
		4E869C3D1A6DA55B00B06C76 /* Supporting Files */ = {
			isa = PBXGroup;
			children = (
				4E869C3E1A6DA55B00B06C76 /* Info.plist */,
			);
			name = "Supporting Files";
			sourceTree = "<group>";
		};
		4E869C491A6DA56C00B06C76 /* Model */ = {
			isa = PBXGroup;
			children = (
				4EA333F41A71C8F800D57F86 /* StringExtension.swift */,
				4E869C521A6DB76E00B06C76 /* Repository.swift */,
				4E869C541A6F1CAE00B06C76 /* RepoCell.swift */,
				4E12126C1A704E250090D217 /* User.swift */,
				4E12126E1A7059820090D217 /* UserCell.swift */,
			);
			name = Model;
			sourceTree = "<group>";
		};
		4E869C4A1A6DA57500B06C76 /* View */ = {
			isa = PBXGroup;
			children = (
				4E869C2D1A6DA55A00B06C76 /* Main.storyboard */,
				4E869C321A6DA55A00B06C76 /* LaunchScreen.xib */,
			);
			name = View;
			sourceTree = "<group>";
		};
		4E869C4B1A6DA57A00B06C76 /* Controller */ = {
			isa = PBXGroup;
			children = (
				4E869C291A6DA55A00B06C76 /* AppDelegate.swift */,
				4E869C4E1A6DA83000B06C76 /* NetworkController.swift */,
				4E869C4C1A6DA5AC00B06C76 /* MenuTableViewController.swift */,
				4E869C501A6DB26C00B06C76 /* RepositoryTableViewController.swift */,
				4EA333F61A721FCF00D57F86 /* RepoDetailViewController.swift */,
				4E12126A1A7049720090D217 /* UserSearchViewController.swift */,
				4EA333F21A71B2CA00D57F86 /* ToUserDetailViewController.swift */,
				4E2A34571A71AEA100B14E0D /* UserDetailViewController.swift */,
			);
			name = Controller;
			sourceTree = "<group>";
		};
/* End PBXGroup section */

/* Begin PBXNativeTarget section */
		4E869C231A6DA55A00B06C76 /* GitHubClient */ = {
			isa = PBXNativeTarget;
			buildConfigurationList = 4E869C431A6DA55B00B06C76 /* Build configuration list for PBXNativeTarget "GitHubClient" */;
			buildPhases = (
				4E869C201A6DA55A00B06C76 /* Sources */,
				4E869C211A6DA55A00B06C76 /* Frameworks */,
				4E869C221A6DA55A00B06C76 /* Resources */,
			);
			buildRules = (
			);
			dependencies = (
			);
			name = GitHubClient;
			productName = GitHubClient;
			productReference = 4E869C241A6DA55A00B06C76 /* GitHubClient.app */;
			productType = "com.apple.product-type.application";
		};
		4E869C381A6DA55B00B06C76 /* GitHubClientTests */ = {
			isa = PBXNativeTarget;
			buildConfigurationList = 4E869C461A6DA55B00B06C76 /* Build configuration list for PBXNativeTarget "GitHubClientTests" */;
			buildPhases = (
				4E869C351A6DA55B00B06C76 /* Sources */,
				4E869C361A6DA55B00B06C76 /* Frameworks */,
				4E869C371A6DA55B00B06C76 /* Resources */,
			);
			buildRules = (
			);
			dependencies = (
				4E869C3B1A6DA55B00B06C76 /* PBXTargetDependency */,
			);
			name = GitHubClientTests;
			productName = GitHubClientTests;
			productReference = 4E869C391A6DA55B00B06C76 /* GitHubClientTests.xctest */;
			productType = "com.apple.product-type.bundle.unit-test";
		};
/* End PBXNativeTarget section */

/* Begin PBXProject section */
		4E869C1C1A6DA55A00B06C76 /* Project object */ = {
			isa = PBXProject;
			attributes = {
				LastUpgradeCheck = 0610;
				ORGANIZATIONNAME = "Vania Kurniawati";
				TargetAttributes = {
					4E869C231A6DA55A00B06C76 = {
						CreatedOnToolsVersion = 6.1.1;
					};
					4E869C381A6DA55B00B06C76 = {
						CreatedOnToolsVersion = 6.1.1;
						TestTargetID = 4E869C231A6DA55A00B06C76;
					};
				};
			};
			buildConfigurationList = 4E869C1F1A6DA55A00B06C76 /* Build configuration list for PBXProject "GitHubClient" */;
			compatibilityVersion = "Xcode 3.2";
			developmentRegion = English;
			hasScannedForEncodings = 0;
			knownRegions = (
				en,
				Base,
			);
			mainGroup = 4E869C1B1A6DA55A00B06C76;
			productRefGroup = 4E869C251A6DA55A00B06C76 /* Products */;
			projectDirPath = "";
			projectRoot = "";
			targets = (
				4E869C231A6DA55A00B06C76 /* GitHubClient */,
				4E869C381A6DA55B00B06C76 /* GitHubClientTests */,
			);
		};
/* End PBXProject section */

/* Begin PBXResourcesBuildPhase section */
		4E869C221A6DA55A00B06C76 /* Resources */ = {
			isa = PBXResourcesBuildPhase;
			buildActionMask = 2147483647;
			files = (
				4E869C2F1A6DA55A00B06C76 /* Main.storyboard in Resources */,
				4E869C341A6DA55A00B06C76 /* LaunchScreen.xib in Resources */,
				4E869C311A6DA55A00B06C76 /* Images.xcassets in Resources */,
			);
			runOnlyForDeploymentPostprocessing = 0;
		};
		4E869C371A6DA55B00B06C76 /* Resources */ = {
			isa = PBXResourcesBuildPhase;
			buildActionMask = 2147483647;
			files = (
			);
			runOnlyForDeploymentPostprocessing = 0;
		};
/* End PBXResourcesBuildPhase section */

/* Begin PBXSourcesBuildPhase section */
		4E869C201A6DA55A00B06C76 /* Sources */ = {
			isa = PBXSourcesBuildPhase;
			buildActionMask = 2147483647;
			files = (
				4E869C4F1A6DA83000B06C76 /* NetworkController.swift in Sources */,
				4E869C511A6DB26C00B06C76 /* RepositoryTableViewController.swift in Sources */,
				4E869C531A6DB76E00B06C76 /* Repository.swift in Sources */,
				4E869C2A1A6DA55A00B06C76 /* AppDelegate.swift in Sources */,
				4E12126D1A704E250090D217 /* User.swift in Sources */,
				4E12126F1A7059820090D217 /* UserCell.swift in Sources */,
				4E2A34581A71AEA100B14E0D /* UserDetailViewController.swift in Sources */,
				4E869C4D1A6DA5AC00B06C76 /* MenuTableViewController.swift in Sources */,
				4EA333F51A71C8F800D57F86 /* StringExtension.swift in Sources */,
				4E12126B1A7049720090D217 /* UserSearchViewController.swift in Sources */,
				4EA333F31A71B2CA00D57F86 /* ToUserDetailViewController.swift in Sources */,
				4EA333F71A721FCF00D57F86 /* RepoDetailViewController.swift in Sources */,
				4E869C551A6F1CAF00B06C76 /* RepoCell.swift in Sources */,
			);
			runOnlyForDeploymentPostprocessing = 0;
		};
		4E869C351A6DA55B00B06C76 /* Sources */ = {
			isa = PBXSourcesBuildPhase;
			buildActionMask = 2147483647;
			files = (
				4E869C401A6DA55B00B06C76 /* GitHubClientTests.swift in Sources */,
			);
			runOnlyForDeploymentPostprocessing = 0;
		};
/* End PBXSourcesBuildPhase section */

/* Begin PBXTargetDependency section */
		4E869C3B1A6DA55B00B06C76 /* PBXTargetDependency */ = {
			isa = PBXTargetDependency;
			target = 4E869C231A6DA55A00B06C76 /* GitHubClient */;
			targetProxy = 4E869C3A1A6DA55B00B06C76 /* PBXContainerItemProxy */;
		};
/* End PBXTargetDependency section */

/* Begin PBXVariantGroup section */
		4E869C2D1A6DA55A00B06C76 /* Main.storyboard */ = {
			isa = PBXVariantGroup;
			children = (
				4E869C2E1A6DA55A00B06C76 /* Base */,
			);
			name = Main.storyboard;
			sourceTree = "<group>";
		};
		4E869C321A6DA55A00B06C76 /* LaunchScreen.xib */ = {
			isa = PBXVariantGroup;
			children = (
				4E869C331A6DA55A00B06C76 /* Base */,
			);
			name = LaunchScreen.xib;
			sourceTree = "<group>";
		};
/* End PBXVariantGroup section */

/* Begin XCBuildConfiguration section */
		4E869C411A6DA55B00B06C76 /* Debug */ = {
			isa = XCBuildConfiguration;
			buildSettings = {
				ALWAYS_SEARCH_USER_PATHS = NO;
				CLANG_CXX_LANGUAGE_STANDARD = "gnu++0x";
				CLANG_CXX_LIBRARY = "libc++";
				CLANG_ENABLE_MODULES = YES;
				CLANG_ENABLE_OBJC_ARC = YES;
				CLANG_WARN_BOOL_CONVERSION = YES;
				CLANG_WARN_CONSTANT_CONVERSION = YES;
				CLANG_WARN_DIRECT_OBJC_ISA_USAGE = YES_ERROR;
				CLANG_WARN_EMPTY_BODY = YES;
				CLANG_WARN_ENUM_CONVERSION = YES;
				CLANG_WARN_INT_CONVERSION = YES;
				CLANG_WARN_OBJC_ROOT_CLASS = YES_ERROR;
				CLANG_WARN_UNREACHABLE_CODE = YES;
				CLANG_WARN__DUPLICATE_METHOD_MATCH = YES;
				"CODE_SIGN_IDENTITY[sdk=iphoneos*]" = "iPhone Developer";
				COPY_PHASE_STRIP = NO;
				ENABLE_STRICT_OBJC_MSGSEND = YES;
				GCC_C_LANGUAGE_STANDARD = gnu99;
				GCC_DYNAMIC_NO_PIC = NO;
				GCC_OPTIMIZATION_LEVEL = 0;
				GCC_PREPROCESSOR_DEFINITIONS = (
					"DEBUG=1",
					"$(inherited)",
				);
				GCC_SYMBOLS_PRIVATE_EXTERN = NO;
				GCC_WARN_64_TO_32_BIT_CONVERSION = YES;
				GCC_WARN_ABOUT_RETURN_TYPE = YES_ERROR;
				GCC_WARN_UNDECLARED_SELECTOR = YES;
				GCC_WARN_UNINITIALIZED_AUTOS = YES_AGGRESSIVE;
				GCC_WARN_UNUSED_FUNCTION = YES;
				GCC_WARN_UNUSED_VARIABLE = YES;
				IPHONEOS_DEPLOYMENT_TARGET = 8.1;
				MTL_ENABLE_DEBUG_INFO = YES;
				ONLY_ACTIVE_ARCH = YES;
				SDKROOT = iphoneos;
				SWIFT_OPTIMIZATION_LEVEL = "-Onone";
				TARGETED_DEVICE_FAMILY = "1,2";
			};
			name = Debug;
		};
		4E869C421A6DA55B00B06C76 /* Release */ = {
			isa = XCBuildConfiguration;
			buildSettings = {
				ALWAYS_SEARCH_USER_PATHS = NO;
				CLANG_CXX_LANGUAGE_STANDARD = "gnu++0x";
				CLANG_CXX_LIBRARY = "libc++";
				CLANG_ENABLE_MODULES = YES;
				CLANG_ENABLE_OBJC_ARC = YES;
				CLANG_WARN_BOOL_CONVERSION = YES;
				CLANG_WARN_CONSTANT_CONVERSION = YES;
				CLANG_WARN_DIRECT_OBJC_ISA_USAGE = YES_ERROR;
				CLANG_WARN_EMPTY_BODY = YES;
				CLANG_WARN_ENUM_CONVERSION = YES;
				CLANG_WARN_INT_CONVERSION = YES;
				CLANG_WARN_OBJC_ROOT_CLASS = YES_ERROR;
				CLANG_WARN_UNREACHABLE_CODE = YES;
				CLANG_WARN__DUPLICATE_METHOD_MATCH = YES;
				"CODE_SIGN_IDENTITY[sdk=iphoneos*]" = "iPhone Developer";
				COPY_PHASE_STRIP = YES;
				ENABLE_NS_ASSERTIONS = NO;
				ENABLE_STRICT_OBJC_MSGSEND = YES;
				GCC_C_LANGUAGE_STANDARD = gnu99;
				GCC_WARN_64_TO_32_BIT_CONVERSION = YES;
				GCC_WARN_ABOUT_RETURN_TYPE = YES_ERROR;
				GCC_WARN_UNDECLARED_SELECTOR = YES;
				GCC_WARN_UNINITIALIZED_AUTOS = YES_AGGRESSIVE;
				GCC_WARN_UNUSED_FUNCTION = YES;
				GCC_WARN_UNUSED_VARIABLE = YES;
				IPHONEOS_DEPLOYMENT_TARGET = 8.1;
				MTL_ENABLE_DEBUG_INFO = NO;
				SDKROOT = iphoneos;
				TARGETED_DEVICE_FAMILY = "1,2";
				VALIDATE_PRODUCT = YES;
			};
			name = Release;
		};
		4E869C441A6DA55B00B06C76 /* Debug */ = {
			isa = XCBuildConfiguration;
			buildSettings = {
				ASSETCATALOG_COMPILER_APPICON_NAME = AppIcon;
				INFOPLIST_FILE = GitHubClient/Info.plist;
				LD_RUNPATH_SEARCH_PATHS = "$(inherited) @executable_path/Frameworks";
				PRODUCT_NAME = "$(TARGET_NAME)";
			};
			name = Debug;
		};
		4E869C451A6DA55B00B06C76 /* Release */ = {
			isa = XCBuildConfiguration;
			buildSettings = {
				ASSETCATALOG_COMPILER_APPICON_NAME = AppIcon;
				INFOPLIST_FILE = GitHubClient/Info.plist;
				LD_RUNPATH_SEARCH_PATHS = "$(inherited) @executable_path/Frameworks";
				PRODUCT_NAME = "$(TARGET_NAME)";
			};
			name = Release;
		};
		4E869C471A6DA55B00B06C76 /* Debug */ = {
			isa = XCBuildConfiguration;
			buildSettings = {
				BUNDLE_LOADER = "$(TEST_HOST)";
				FRAMEWORK_SEARCH_PATHS = (
					"$(SDKROOT)/Developer/Library/Frameworks",
					"$(inherited)",
				);
				GCC_PREPROCESSOR_DEFINITIONS = (
					"DEBUG=1",
					"$(inherited)",
				);
				INFOPLIST_FILE = GitHubClientTests/Info.plist;
				LD_RUNPATH_SEARCH_PATHS = "$(inherited) @executable_path/Frameworks @loader_path/Frameworks";
				PRODUCT_NAME = "$(TARGET_NAME)";
				TEST_HOST = "$(BUILT_PRODUCTS_DIR)/GitHubClient.app/GitHubClient";
			};
			name = Debug;
		};
		4E869C481A6DA55B00B06C76 /* Release */ = {
			isa = XCBuildConfiguration;
			buildSettings = {
				BUNDLE_LOADER = "$(TEST_HOST)";
				FRAMEWORK_SEARCH_PATHS = (
					"$(SDKROOT)/Developer/Library/Frameworks",
					"$(inherited)",
				);
				INFOPLIST_FILE = GitHubClientTests/Info.plist;
				LD_RUNPATH_SEARCH_PATHS = "$(inherited) @executable_path/Frameworks @loader_path/Frameworks";
				PRODUCT_NAME = "$(TARGET_NAME)";
				TEST_HOST = "$(BUILT_PRODUCTS_DIR)/GitHubClient.app/GitHubClient";
			};
			name = Release;
		};
/* End XCBuildConfiguration section */

/* Begin XCConfigurationList section */
		4E869C1F1A6DA55A00B06C76 /* Build configuration list for PBXProject "GitHubClient" */ = {
			isa = XCConfigurationList;
			buildConfigurations = (
				4E869C411A6DA55B00B06C76 /* Debug */,
				4E869C421A6DA55B00B06C76 /* Release */,
			);
			defaultConfigurationIsVisible = 0;
			defaultConfigurationName = Release;
		};
		4E869C431A6DA55B00B06C76 /* Build configuration list for PBXNativeTarget "GitHubClient" */ = {
			isa = XCConfigurationList;
			buildConfigurations = (
				4E869C441A6DA55B00B06C76 /* Debug */,
				4E869C451A6DA55B00B06C76 /* Release */,
			);
			defaultConfigurationIsVisible = 0;
			defaultConfigurationName = Release;
		};
		4E869C461A6DA55B00B06C76 /* Build configuration list for PBXNativeTarget "GitHubClientTests" */ = {
			isa = XCConfigurationList;
			buildConfigurations = (
				4E869C471A6DA55B00B06C76 /* Debug */,
				4E869C481A6DA55B00B06C76 /* Release */,
			);
			defaultConfigurationIsVisible = 0;
			defaultConfigurationName = Release;
		};
/* End XCConfigurationList section */
	};
	rootObject = 4E869C1C1A6DA55A00B06C76 /* Project object */;
}
